
Microsoft Visual Studio Solution File, Format Version 12.00
# Visual Studio 15
VisualStudioVersion = 15.0.27004.2002
MinimumVisualStudioVersion = 10.0.40219.1
Project("{FAE04EC0-301F-11D3-BF4B-00C04F79EFBC}") = "Lab12_NataliaE", "Lab12_NataliaE\Lab12_NataliaE.csproj", "{EF0E7E74-49FF-4F3A-92BA-8EBFCC6C3C96}"
EndProject
Project("{FAE04EC0-301F-11D3-BF4B-00C04F79EFBC}") = "Modelo", "Modelo\Modelo.csproj", "{13896557-4478-4465-BE47-1FFCFEDB71D8}"
EndProject
Global
	GlobalSection(SolutionConfigurationPlatforms) = preSolution
		Debug|Any CPU = Debug|Any CPU
		Release|Any CPU = Release|Any CPU
	EndGlobalSection
	GlobalSection(ProjectConfigurationPlatforms) = postSolution
		{EF0E7E74-49FF-4F3A-92BA-8EBFCC6C3C96}.Debug|Any CPU.ActiveCfg = Debug|Any CPU
		{EF0E7E74-49FF-4F3A-92BA-8EBFCC6C3C96}.Debug|Any CPU.Build.0 = Debug|Any CPU
		{EF0E7E74-49FF-4F3A-92BA-8EBFCC6C3C96}.Release|Any CPU.ActiveCfg = Release|Any CPU
		{EF0E7E74-49FF-4F3A-92BA-8EBFCC6C3C96}.Release|Any CPU.Build.0 = Release|Any CPU
		{13896557-4478-4465-BE47-1FFCFEDB71D8}.Debug|Any CPU.ActiveCfg = Debug|Any CPU
		{13896557-4478-4465-BE47-1FFCFEDB71D8}.Debug|Any CPU.Build.0 = Debug|Any CPU
		{13896557-4478-4465-BE47-1FFCFEDB71D8}.Release|Any CPU.ActiveCfg = Release|Any CPU
		{13896557-4478-4465-BE47-1FFCFEDB71D8}.Release|Any CPU.Build.0 = Release|Any CPU
	EndGlobalSection
	GlobalSection(SolutionProperties) = preSolution
		HideSolutionNode = FALSE
	EndGlobalSection
	GlobalSection(ExtensibilityGlobals) = postSolution
		SolutionGuid = {565D65C3-E555-4A23-9BC7-6DC68AA9D5A3}
	EndGlobalSection
EndGlobal
